// !$*UTF8*$!
{
	archiveVersion = 1;
	classes = {};
	objectVersion = 56;
	objects = {

/* Begin PBXBuildFile section */
		A10000000000000000000001 /* TechnickySlovnikApp.swift in Sources */ = {isa = PBXBuildFile; fileRef = A20000000000000000000001 /* TechnickySlovnikApp.swift */; };
		A10000000000000000000002 /* SharedWord.swift in Sources */ = {isa = PBXBuildFile; fileRef = A20000000000000000000002 /* SharedWord.swift */; };
		A10000000000000000000003 /* TechnickySlovnikWidget.swift in Sources */ = {isa = PBXBuildFile; fileRef = A20000000000000000000003 /* TechnickySlovnikWidget.swift */; };
		A10000000000000000000004 /* SharedWord.swift in Sources */ = {isa = PBXBuildFile; fileRef = A20000000000000000000002 /* SharedWord.swift */; };
		A10000000000000000000005 /* TechnickySlovnikWidgetExtension.appex in Embed App Extensions */ = {isa = PBXBuildFile; fileRef = A20000000000000000000005 /* TechnickySlovnikWidgetExtension.appex */; settings = {ATTRIBUTES = (CodeSignOnCopy, RemoveHeadersOnCopy, ); }; };
/* End PBXBuildFile section */

/* Begin PBXCopyFilesBuildPhase section */
		A30000000000000000000001 /* Embed App Extensions */ = {isa = PBXCopyFilesBuildPhase; buildActionMask = 2147483647; dstPath = ""; dstSubfolderSpec = 13; files = (A10000000000000000000005 /* TechnickySlovnikWidgetExtension.appex in Embed App Extensions */, ); name = "Embed App Extensions"; runOnlyForDeploymentPostprocessing = 0; };
/* End PBXCopyFilesBuildPhase section */

/* Begin PBXFileReference section */
		A20000000000000000000001 /* TechnickySlovnikApp.swift */ = {isa = PBXFileReference; lastKnownFileType = sourcecode.swift; path = TechnickySlovnikApp.swift; sourceTree = "<group>"; };
		A20000000000000000000002 /* SharedWord.swift */ = {isa = PBXFileReference; lastKnownFileType = sourcecode.swift; path = SharedWord.swift; sourceTree = "<group>"; };
		A20000000000000000000003 /* TechnickySlovnikWidget.swift */ = {isa = PBXFileReference; lastKnownFileType = sourcecode.swift; path = TechnickySlovnikWidget.swift; sourceTree = "<group>"; };
		A20000000000000000000004 /* App.entitlements */ = {isa = PBXFileReference; lastKnownFileType = text.plist.entitlements; path = App.entitlements; sourceTree = "<group>"; };
		A20000000000000000000005 /* TechnickySlovnikWidgetExtension.appex */ = {isa = PBXFileReference; explicitFileType = wrapper.app-extension; includeInIndex = 0; path = TechnickySlovnikWidgetExtension.appex; sourceTree = BUILT_PRODUCTS_DIR; };
		A20000000000000000000006 /* Widget.entitlements */ = {isa = PBXFileReference; lastKnownFileType = text.plist.entitlements; path = Widget.entitlements; sourceTree = "<group>"; };
		A20000000000000000000007 /* Widget-Info.plist */ = {isa = PBXFileReference; lastKnownFileType = text.plist.xml; path = "Widget-Info.plist"; sourceTree = "<group>"; };
		A20000000000000000000008 /* TechnickySlovnik.app */ = {isa = PBXFileReference; explicitFileType = wrapper.application; includeInIndex = 0; path = TechnickySlovnik.app; sourceTree = BUILT_PRODUCTS_DIR; };
/* End PBXFileReference section */

/* Begin PBXFrameworksBuildPhase section */
		A40000000000000000000001 /* Frameworks */ = {isa = PBXFrameworksBuildPhase; buildActionMask = 2147483647; files = (); runOnlyForDeploymentPostprocessing = 0; };
		A40000000000000000000002 /* Frameworks */ = {isa = PBXFrameworksBuildPhase; buildActionMask = 2147483647; files = (); runOnlyForDeploymentPostprocessing = 0; };
/* End PBXFrameworksBuildPhase section */

/* Begin PBXGroup section */
		A50000000000000000000001 = {
			isa = PBXGroup;
			children = (A50000000000000000000002 /* TechnickySlovnik */, A50000000000000000000003 /* TechnickySlovnikWidget */, A50000000000000000000004 /* Products */, );
			sourceTree = "<group>";
		};
		A50000000000000000000002 /* TechnickySlovnik */ = {
			isa = PBXGroup;
			path = TechnickySlovnik;
			sourceTree = "<group>";
			children = (A20000000000000000000001, A20000000000000000000002, A20000000000000000000004, );
		};
		A50000000000000000000003 /* TechnickySlovnikWidget */ = {
			isa = PBXGroup;
			path = TechnickySlovnikWidget;
			sourceTree = "<group>";
			children = (A20000000000000000000003, A20000000000000000000006, A20000000000000000000007, );
		};
		A50000000000000000000004 /* Products */ = {
			isa = PBXGroup;
			name = Products;
			sourceTree = "<group>";
			children = (A20000000000000000000005, A20000000000000000000008, );
		};
/* End PBXGroup section */

/* Begin PBXNativeTarget section */
		A60000000000000000000001 /* TechnickySlovnik */ = {
			isa = PBXNativeTarget;
			buildConfigurationList = A80000000000000000000001;
			buildPhases = (A40000000000000000000001, A70000000000000000000001, A30000000000000000000001, );
			buildRules = ();
			dependencies = (A90000000000000000000001, );
			name = TechnickySlovnik;
			productName = TechnickySlovnik;
			productReference = A20000000000000000000008;
			productType = "com.apple.product-type.application";
		};
		A60000000000000000000002 /* TechnickySlovnikWidgetExtension */ = {
			isa = PBXNativeTarget;
			buildConfigurationList = A80000000000000000000002;
			buildPhases = (A40000000000000000000002, A70000000000000000000002, );
			buildRules = ();
			dependencies = ();
			name = TechnickySlovnikWidgetExtension;
			productName = TechnickySlovnikWidgetExtension;
			productReference = A20000000000000000000005;
			productType = "com.apple.product-type.app-extension";
		};
/* End PBXNativeTarget section */

/* Begin PBXProject section */
		AA0000000000000000000001 /* Project object */ = {
			isa = PBXProject;
			attributes = {BuildIndependentTargetsInParallel = 1; LastUpgradeCheck = 1600; };
			buildConfigurationList = A80000000000000000000003;
			compatibilityVersion = "Xcode 14.0";
			developmentRegion = en;
			hasScannedForEncodings = 0;
			knownRegions = (en, Base, );
			mainGroup = A50000000000000000000001;
			productRefGroup = A50000000000000000000004;
			projectDirPath = "";
			projectRoot = "";
			targets = (A60000000000000000000001, A60000000000000000000002, );
		};
/* End PBXProject section */

/* Begin PBXTargetDependency section */
		A90000000000000000000001 /* PBXTargetDependency */ = {isa = PBXTargetDependency; target = A60000000000000000000002; targetProxy = A90000000000000000000002; };
/* End PBXTargetDependency section */

/* Begin PBXContainerItemProxy section */
		A90000000000000000000002 /* PBXContainerItemProxy */ = {isa = PBXContainerItemProxy; containerPortal = AA0000000000000000000001; proxyType = 1; remoteGlobalIDString = A60000000000000000000002; remoteInfo = TechnickySlovnikWidgetExtension; };
/* End PBXContainerItemProxy section */

/* Begin PBXSourcesBuildPhase section */
		A70000000000000000000001 /* Sources */ = {isa = PBXSourcesBuildPhase; buildActionMask = 2147483647; files = (A10000000000000000000001, A10000000000000000000002, ); runOnlyForDeploymentPostprocessing = 0; };
		A70000000000000000000002 /* Sources */ = {isa = PBXSourcesBuildPhase; buildActionMask = 2147483647; files = (A10000000000000000000003, A10000000000000000000004, ); runOnlyForDeploymentPostprocessing = 0; };
/* End PBXSourcesBuildPhase section */

/* Begin XCBuildConfiguration section */
		AB0000000000000000000001 /* Debug Project */ = {isa = XCBuildConfiguration; buildSettings = {ALWAYS_SEARCH_USER_PATHS = NO; CLANG_ENABLE_MODULES = YES; IPHONEOS_DEPLOYMENT_TARGET = 17.0; SDKROOT = iphoneos; SWIFT_VERSION = 5.0; }; name = Debug; };
		AB0000000000000000000002 /* Release Project */ = {isa = XCBuildConfiguration; buildSettings = {ALWAYS_SEARCH_USER_PATHS = NO; CLANG_ENABLE_MODULES = YES; IPHONEOS_DEPLOYMENT_TARGET = 17.0; SDKROOT = iphoneos; SWIFT_VERSION = 5.0; }; name = Release; };
		AB0000000000000000000003 /* Debug App */ = {isa = XCBuildConfiguration; buildSettings = {CODE_SIGN_ENTITLEMENTS = TechnickySlovnik/App.entitlements; GENERATE_INFOPLIST_FILE = YES; INFOPLIST_KEY_CFBundleDisplayName = "Technický slovník"; INFOPLIST_KEY_LSApplicationCategoryType = public.app-category.education; IPHONEOS_DEPLOYMENT_TARGET = 17.0; PRODUCT_BUNDLE_IDENTIFIER = cz.pokwerj84.TechnickySlovnik; PRODUCT_NAME = "$(TARGET_NAME)"; SDKROOT = iphoneos; SWIFT_VERSION = 5.0; TARGETED_DEVICE_FAMILY = "1,2"; }; name = Debug; };
		AB0000000000000000000004 /* Release App */ = {isa = XCBuildConfiguration; buildSettings = {CODE_SIGN_ENTITLEMENTS = TechnickySlovnik/App.entitlements; GENERATE_INFOPLIST_FILE = YES; INFOPLIST_KEY_CFBundleDisplayName = "Technický slovník"; INFOPLIST_KEY_LSApplicationCategoryType = public.app-category.education; IPHONEOS_DEPLOYMENT_TARGET = 17.0; PRODUCT_BUNDLE_IDENTIFIER = cz.pokwerj84.TechnickySlovnik; PRODUCT_NAME = "$(TARGET_NAME)"; SDKROOT = iphoneos; SWIFT_VERSION = 5.0; TARGETED_DEVICE_FAMILY = "1,2"; }; name = Release; };
		AB0000000000000000000005 /* Debug Widget */ = {isa = XCBuildConfiguration; buildSettings = {APPLICATION_EXTENSION_API_ONLY = YES; CODE_SIGN_ENTITLEMENTS = TechnickySlovnikWidget/Widget.entitlements; GENERATE_INFOPLIST_FILE = YES; INFOPLIST_FILE = TechnickySlovnikWidget/Widget-Info.plist; IPHONEOS_DEPLOYMENT_TARGET = 17.0; PRODUCT_BUNDLE_IDENTIFIER = cz.pokwerj84.TechnickySlovnik.Widget; PRODUCT_NAME = "$(TARGET_NAME)"; SDKROOT = iphoneos; SKIP_INSTALL = YES; SWIFT_VERSION = 5.0; TARGETED_DEVICE_FAMILY = "1,2"; }; name = Debug; };
		AB0000000000000000000006 /* Release Widget */ = {isa = XCBuildConfiguration; buildSettings = {APPLICATION_EXTENSION_API_ONLY = YES; CODE_SIGN_ENTITLEMENTS = TechnickySlovnikWidget/Widget.entitlements; GENERATE_INFOPLIST_FILE = YES; INFOPLIST_FILE = TechnickySlovnikWidget/Widget-Info.plist; IPHONEOS_DEPLOYMENT_TARGET = 17.0; PRODUCT_BUNDLE_IDENTIFIER = cz.pokwerj84.TechnickySlovnik.Widget; PRODUCT_NAME = "$(TARGET_NAME)"; SDKROOT = iphoneos; SKIP_INSTALL = YES; SWIFT_VERSION = 5.0; TARGETED_DEVICE_FAMILY = "1,2"; }; name = Release; };
		AB0000000000000000000007 /* Debug List */ = {isa = XCBuildConfiguration; buildSettings = {CODE_SIGN_ENTITLEMENTS = TechnickySlovnik/App.entitlements; GENERATE_INFOPLIST_FILE = YES; IPHONEOS_DEPLOYMENT_TARGET = 17.0; PRODUCT_BUNDLE_IDENTIFIER = cz.pokwerj84.TechnickySlovnik; SDKROOT = iphoneos; SWIFT_VERSION = 5.0; }; name = Debug; };
		AB0000000000000000000008 /* Release List */ = {isa = XCBuildConfiguration; buildSettings = {CODE_SIGN_ENTITLEMENTS = TechnickySlovnikWidget/Widget.entitlements; GENERATE_INFOPLIST_FILE = YES; IPHONEOS_DEPLOYMENT_TARGET = 17.0; PRODUCT_BUNDLE_IDENTIFIER = cz.pokwerj84.TechnickySlovnik.Widget; SDKROOT = iphoneos; SWIFT_VERSION = 5.0; }; name = Release; };
/* End XCBuildConfiguration section */

/* Begin XCConfigurationList section */
		A80000000000000000000001 /* Build configuration list for target TechnickySlovnik */ = {isa = XCConfigurationList; buildConfigurations = (AB0000000000000000000003, AB0000000000000000000004, ); defaultConfigurationIsVisible = 0; defaultConfigurationName = Release; };
		A80000000000000000000002 /* Build configuration list for target Widget */ = {isa = XCConfigurationList; buildConfigurations = (AB0000000000000000000005, AB0000000000000000000006, ); defaultConfigurationIsVisible = 0; defaultConfigurationName = Release; };
		A80000000000000000000003 /* Build configuration list for project */ = {isa = XCConfigurationList; buildConfigurations = (AB0000000000000000000001, AB0000000000000000000002, ); defaultConfigurationIsVisible = 0; defaultConfigurationName = Release; };
/* End XCConfigurationList section */
	};
	rootObject = AA0000000000000000000001;
}
